<?xml version="1.0" encoding="utf-8"?>
<Project ToolsVersion="4.0" xmlns="http://schemas.microsoft.com/developer/msbuild/2003">
  <ItemGroup>
    <Filter Include="Source Files">
      <UniqueIdentifier>{4FC737F1-C7A5-4376-A066-2A32D752A2FF}</UniqueIdentifier>
      <Extensions>cpp;c;cxx;def;odl;idl;hpj;bat;asm;asmx</Extensions>
    </Filter>
    <Filter Include="Header Files">
      <UniqueIdentifier>{93995380-89BD-4b04-88EB-625FBE52EBFB}</UniqueIdentifier>
      <Extensions>h;hpp;hxx;hm;inl;inc;xsd</Extensions>
    </Filter>
    <Filter Include="Enemy">
      <UniqueIdentifier>{82c3553f-eade-40ca-90af-90f1e25867c8}</UniqueIdentifier>
    </Filter>
    <Filter Include="GameObject">
      <UniqueIdentifier>{c28fc92f-6c99-48a9-8bd3-bbb9114f172c}</UniqueIdentifier>
    </Filter>
    <Filter Include="Projectile">
      <UniqueIdentifier>{3b8ca2df-44d7-4bf6-828d-98a4e6a4ec69}</UniqueIdentifier>
    </Filter>
    <Filter Include="Explosion">
      <UniqueIdentifier>{24b683a0-f6d1-4b7d-9020-b6bafcf196fd}</UniqueIdentifier>
    </Filter>
  </ItemGroup>
  <ItemGroup>
    <ClCompile Include="Application.cpp">
      <Filter>Source Files</Filter>
    </ClCompile>
    <ClCompile Include="main.cpp">
      <Filter>Source Files</Filter>
    </ClCompile>
    <ClCompile Include="ship.cpp">
      <Filter>Source Files</Filter>
    </ClCompile>
    <ClCompile Include="missile.cpp">
      <Filter>Source Files</Filter>
    </ClCompile>
    <ClCompile Include="GameObject.cpp">
      <Filter>GameObject</Filter>
    </ClCompile>
    <ClCompile Include="Enemy.cpp">
      <Filter>Enemy</Filter>
    </ClCompile>
    <ClCompile Include="Vector2.cpp">
      <Filter>Source Files</Filter>
    </ClCompile>
    <ClCompile Include="Explosion.cpp">
      <Filter>Explosion</Filter>
    </ClCompile>
    <ClCompile Include="Projectile.cpp">
      <Filter>Projectile</Filter>
    </ClCompile>
    <ClCompile Include="Boom.cpp">
      <Filter>Explosion</Filter>
    </ClCompile>
  </ItemGroup>
  <ItemGroup>
    <ClInclude Include="Application.h">
      <Filter>Header Files</Filter>
    </ClInclude>
    <ClInclude Include="Globals.h">
      <Filter>Header Files</Filter>
    </ClInclude>
    <ClInclude Include="MyMsgIDs.h">
      <Filter>Header Files</Filter>
    </ClInclude>
    <ClInclude Include="ship.h">
      <Filter>Header Files</Filter>
    </ClInclude>
    <ClInclude Include="missile.h">
      <Filter>Header Files</Filter>
    </ClInclude>
    <ClInclude Include="GameObject.h">
      <Filter>GameObject</Filter>
    </ClInclude>
    <ClInclude Include="Enemy.h">
      <Filter>Enemy</Filter>
    </ClInclude>
    <ClInclude Include="Vector2.h">
      <Filter>Header Files</Filter>
    </ClInclude>
    <ClInclude Include="MyMath.h">
      <Filter>Header Files</Filter>
    </ClInclude>
    <ClInclude Include="Explosion.h">
      <Filter>Explosion</Filter>
    </ClInclude>
    <ClInclude Include="Projectile.h">
      <Filter>Projectile</Filter>
    </ClInclude>
    <ClInclude Include="Boom.h">
      <Filter>Explosion</Filter>
    </ClInclude>
  </ItemGroup>
</Project>